github.com/akyoto/assert v0.2.0 h1:lR7OHrbbBNNZFmRVS8I5MzS0ShLH36ZQVZVyg1bvs6A=
github.com/akyoto/assert v0.2.0/go.mod h1:g5e6ag+ksCEQENq/LnmU9z04wCAIFDr8KacBusVL0H8=
github.com/akyoto/autoimport v0.6.5 h1:JNTVc4sXfQA903EjzROJJZbsPNakmNT+KOH/CwRIZSg=
github.com/akyoto/autoimport v0.6.5/go.mod h1:yP4lTn4zmizMCgLIeVC88setvSdpZcIqd+a+48JetZk=
github.com/akyoto/color v1.8.7 h1:Sr9z8iFoFF9KMJpHmQH+raFaVrO3wHNFIkFdyQdTsVY=
github.com/akyoto/color v1.8.7/go.mod h1:eNfGr527GIJME/houfnrEIGiVlL5IJsOfuC2I+oby+4=
github.com/akyoto/color v1.8.9 h1:Uv8/rFdvq06ntG+GibKjbT+jWtc6o88SjKMUmi1Nom8=
github.com/akyoto/color v1.8.9/go.mod h1:ImvfyQaQbqtKLwiafRiRu6Fq98f4f9HBI/J0WK7q3Oc=
github.com/akyoto/colorable v0.1.4 h1:BPwbsaUmo90/JiwTB7v7TpRHkNsfIxsb9s25eASwwDg=
github.com/akyoto/colorable v0.1.4/go.mod h1:AUfZwbC9OzwBaIbVTyNpD2UmwPbh3ZQqpyrHzb2ZymY=
github.com/akyoto/tty v0.1.0/go.mod h1:UMkevvI7yitoMBNoA9ALtJU0AL/6XGNkyuh9DqPvIOs=
github.com/akyoto/tty v0.1.1 h1:ZOJpp9fj0Y0CNVl9j7MJ7sJvlf9yVlFyDTiahD8FbUo=
github.com/akyoto/tty v0.1.1/go.mod h1:DLx0iz7IeaEsdXQkZ5IN/YOoWRvuV+JOSy6AQjyxA50=
github.com/mattn/go-colorable v0.1.2 h1:/bC9yWikZXAL9uJdulbSfyVNIR3n3trXl+v8+1sx8mU=
github.com/mattn/go-colorable v0.1.2/go.mod h1:U0ppj6V5qS13XJ6of8GYAs25YV2eR4EVcfRqFIhoBtE=
github.com/mattn/go-isatty v0.0.8 h1:HLtExJ+uU2HOZ+wI0Tt5DtUDrx8yhUqDcp7fYERX4CE=
github.com/mattn/go-isatty v0.0.8/go.mod h1:Iq45c/XA43vh69/j3iqttzPXn0bhXyGjM0Hdxcsrc5s=
github.com/mattn/go-isatty v0.0.9 h1:d5US/mDsogSGW37IV293h//ZFaeajb69h+EHFsv2xGg=
github.com/mattn/go-isatty v0.0.9/go.mod h1:YNRxwqDuOph6SZLI9vUUz6OYw3QyUt7WiY2yME+cCiQ=
golang.org/x/sys v0.0.0-20190222072716-a9d3bda3a223 h1:DH4skfRX4EBpamg7iV4ZlCpblAHI6s6TDM39bFZumv8=
golang.org/x/sys v0.0.0-20190222072716-a9d3bda3a223/go.mod h1:STP8DvDyc/dI5b8T5hshtkjS+E42TnysNCUPdjciGhY=
golang.org/x/sys v0.0.0-20190813064441-fde4db37ae7a h1:aYOabOQFp6Vj6W1F80affTUvO9UxmJRx8K0gsfABByQ=
golang.org/x/sys v0.0.0-20190813064441-fde4db37ae7a/go.mod h1:h1NjWce9XRLGQEsW7wpKNCjG9DtNlClVuFLEZdDNbEs=
golang.org/x/sys v0.0.0-20190829204830-5fe476d8906b h1:GA/t9fariXOM5cIRJcMPxJHYYZmYHgXdVH0+JEzddZs=
golang.org/x/sys v0.0.0-20190829204830-5fe476d8906b/go.mod h1:h1NjWce9XRLGQEsW7wpKNCjG9DtNlClVuFLEZdDNbEs=
golang.org/x/sys v0.0.0-20190910064555-bbd175535a8b/go.mod h1:h1NjWce9XRLGQEsW7wpKNCjG9DtNlClVuFLEZdDNbEs=
golang.org/x/sys v0.0.0-20191007154456-ef33b2fb2c41/go.mod h1:h1NjWce9XRLGQEsW7wpKNCjG9DtNlClVuFLEZdDNbEs=
golang.org/x/sys v0.0.0-20191020212454-3e7259c5e7c2 h1:nq114VpM8lsSlP+lyUbANecYHYiFcSNFtqcBlxRV+gA=
golang.org/x/sys v0.0.0-20191020212454-3e7259c5e7c2/go.mod h1:h1NjWce9XRLGQEsW7wpKNCjG9DtNlClVuFLEZdDNbEs=
